
Microsoft Visual Studio Solution File, Format Version 12.00
# Visual Studio 15
VisualStudioVersion = 15.0.28307.1082
MinimumVisualStudioVersion = 10.0.40219.1
Project("{FAE04EC0-301F-11D3-BF4B-00C04F79EFBC}") = "CookingWizardDataManager", "CookingWizardDataManager\CookingWizardDataManager.csproj", "{90475D7D-DDB5-4049-A468-DFC9F6635FDB}"
EndProject
Project("{FAE04EC0-301F-11D3-BF4B-00C04F79EFBC}") = "CookingWizardUI", "CookingWizardUI\CookingWizardUI.csproj", "{14F1595A-2E81-4A57-9B35-3FA5FEBE24E8}"
EndProject
Project("{00D1A9C2-B5F0-4AF3-8072-F6C62B433612}") = "CookingWizardData", "CookingWizardData\CookingWizardData.sqlproj", "{ED7BD1DA-A002-4084-8CCE-2C089297D365}"
EndProject
Project("{FAE04EC0-301F-11D3-BF4B-00C04F79EFBC}") = "CookingWizardDataManager.Library", "CookingWizardDataManager.Library\CookingWizardDataManager.Library.csproj", "{29122330-8643-4E65-AD41-A40C96D3BFB8}"
EndProject
Global
	GlobalSection(SolutionConfigurationPlatforms) = preSolution
		Debug|Any CPU = Debug|Any CPU
		Release|Any CPU = Release|Any CPU
	EndGlobalSection
	GlobalSection(ProjectConfigurationPlatforms) = postSolution
		{90475D7D-DDB5-4049-A468-DFC9F6635FDB}.Debug|Any CPU.ActiveCfg = Debug|Any CPU
		{90475D7D-DDB5-4049-A468-DFC9F6635FDB}.Debug|Any CPU.Build.0 = Debug|Any CPU
		{90475D7D-DDB5-4049-A468-DFC9F6635FDB}.Release|Any CPU.ActiveCfg = Release|Any CPU
		{90475D7D-DDB5-4049-A468-DFC9F6635FDB}.Release|Any CPU.Build.0 = Release|Any CPU
		{14F1595A-2E81-4A57-9B35-3FA5FEBE24E8}.Debug|Any CPU.ActiveCfg = Debug|Any CPU
		{14F1595A-2E81-4A57-9B35-3FA5FEBE24E8}.Debug|Any CPU.Build.0 = Debug|Any CPU
		{14F1595A-2E81-4A57-9B35-3FA5FEBE24E8}.Release|Any CPU.ActiveCfg = Release|Any CPU
		{14F1595A-2E81-4A57-9B35-3FA5FEBE24E8}.Release|Any CPU.Build.0 = Release|Any CPU
		{ED7BD1DA-A002-4084-8CCE-2C089297D365}.Debug|Any CPU.ActiveCfg = Debug|Any CPU
		{ED7BD1DA-A002-4084-8CCE-2C089297D365}.Debug|Any CPU.Build.0 = Debug|Any CPU
		{ED7BD1DA-A002-4084-8CCE-2C089297D365}.Debug|Any CPU.Deploy.0 = Debug|Any CPU
		{ED7BD1DA-A002-4084-8CCE-2C089297D365}.Release|Any CPU.ActiveCfg = Release|Any CPU
		{ED7BD1DA-A002-4084-8CCE-2C089297D365}.Release|Any CPU.Build.0 = Release|Any CPU
		{ED7BD1DA-A002-4084-8CCE-2C089297D365}.Release|Any CPU.Deploy.0 = Release|Any CPU
		{29122330-8643-4E65-AD41-A40C96D3BFB8}.Debug|Any CPU.ActiveCfg = Debug|Any CPU
		{29122330-8643-4E65-AD41-A40C96D3BFB8}.Debug|Any CPU.Build.0 = Debug|Any CPU
		{29122330-8643-4E65-AD41-A40C96D3BFB8}.Release|Any CPU.ActiveCfg = Release|Any CPU
		{29122330-8643-4E65-AD41-A40C96D3BFB8}.Release|Any CPU.Build.0 = Release|Any CPU
	EndGlobalSection
	GlobalSection(SolutionProperties) = preSolution
		HideSolutionNode = FALSE
	EndGlobalSection
	GlobalSection(ExtensibilityGlobals) = postSolution
		SolutionGuid = {1D629629-66E7-4E66-844D-6495E21CE007}
	EndGlobalSection
EndGlobal
